
Microsoft Visual Studio Solution File, Format Version 12.00
# Visual Studio Version 17
VisualStudioVersion = 17.1.32319.34
MinimumVisualStudioVersion = 10.0.40219.1
Project("{9A19103F-16F7-4668-BE54-9A1E7A4F7556}") = "QuizApplication", "QuizApplication.csproj", "{50DF4183-E615-4A24-93D0-399B30B7F99C}"
EndProject
Global
	GlobalSection(SolutionConfigurationPlatforms) = preSolution
		Debug|Any CPU = Debug|Any CPU
		Release|Any CPU = Release|Any CPU
	EndGlobalSection
	GlobalSection(ProjectConfigurationPlatforms) = postSolution
		{50DF4183-E615-4A24-93D0-399B30B7F99C}.Debug|Any CPU.ActiveCfg = Debug|Any CPU
		{50DF4183-E615-4A24-93D0-399B30B7F99C}.Debug|Any CPU.Build.0 = Debug|Any CPU
		{50DF4183-E615-4A24-93D0-399B30B7F99C}.Release|Any CPU.ActiveCfg = Release|Any CPU
		{50DF4183-E615-4A24-93D0-399B30B7F99C}.Release|Any CPU.Build.0 = Release|Any CPU
	EndGlobalSection
	GlobalSection(SolutionProperties) = preSolution
		HideSolutionNode = FALSE
	EndGlobalSection
	GlobalSection(ExtensibilityGlobals) = postSolution
		SolutionGuid = {E4368620-E367-49C5-9C00-2DA9A0D00807}
	EndGlobalSection
EndGlobal
